
Microsoft Visual Studio Solution File, Format Version 12.00
# Visual Studio Version 17
VisualStudioVersion = 17.14.37012.4 d17.14
MinimumVisualStudioVersion = 10.0.40219.1
Project("{FAE04EC0-301F-11D3-BF4B-00C04F79EFBC}") = "AplicacionUber", "AplicacionUber\AplicacionUber.csproj", "{3FCC4D8A-77FD-4F0F-AFB7-1B3DDACF4BA9}"
EndProject
Global
	GlobalSection(SolutionConfigurationPlatforms) = preSolution
		Debug|Any CPU = Debug|Any CPU
		Release|Any CPU = Release|Any CPU
	EndGlobalSection
	GlobalSection(ProjectConfigurationPlatforms) = postSolution
		{3FCC4D8A-77FD-4F0F-AFB7-1B3DDACF4BA9}.Debug|Any CPU.ActiveCfg = Debug|Any CPU
		{3FCC4D8A-77FD-4F0F-AFB7-1B3DDACF4BA9}.Debug|Any CPU.Build.0 = Debug|Any CPU
		{3FCC4D8A-77FD-4F0F-AFB7-1B3DDACF4BA9}.Release|Any CPU.ActiveCfg = Release|Any CPU
		{3FCC4D8A-77FD-4F0F-AFB7-1B3DDACF4BA9}.Release|Any CPU.Build.0 = Release|Any CPU
	EndGlobalSection
	GlobalSection(SolutionProperties) = preSolution
		HideSolutionNode = FALSE
	EndGlobalSection
	GlobalSection(ExtensibilityGlobals) = postSolution
		SolutionGuid = {77EF71F6-3ECA-48C5-B0A8-75E695881525}
	EndGlobalSection
EndGlobal
